
Microsoft Visual Studio Solution File, Format Version 12.00
# Visual Studio Version 17
VisualStudioVersion = 17.9.34607.119
MinimumVisualStudioVersion = 10.0.40219.1
Project("{FAE04EC0-301F-11D3-BF4B-00C04F79EFBC}") = "4.unite 20. uygulama", "4.unite 20. uygulama\4.unite 20. uygulama.csproj", "{BDF50617-61B8-4598-89A9-70F0A6D0D13D}"
EndProject
Global
	GlobalSection(SolutionConfigurationPlatforms) = preSolution
		Debug|Any CPU = Debug|Any CPU
		Release|Any CPU = Release|Any CPU
	EndGlobalSection
	GlobalSection(ProjectConfigurationPlatforms) = postSolution
		{BDF50617-61B8-4598-89A9-70F0A6D0D13D}.Debug|Any CPU.ActiveCfg = Debug|Any CPU
		{BDF50617-61B8-4598-89A9-70F0A6D0D13D}.Debug|Any CPU.Build.0 = Debug|Any CPU
		{BDF50617-61B8-4598-89A9-70F0A6D0D13D}.Release|Any CPU.ActiveCfg = Release|Any CPU
		{BDF50617-61B8-4598-89A9-70F0A6D0D13D}.Release|Any CPU.Build.0 = Release|Any CPU
	EndGlobalSection
	GlobalSection(SolutionProperties) = preSolution
		HideSolutionNode = FALSE
	EndGlobalSection
	GlobalSection(ExtensibilityGlobals) = postSolution
		SolutionGuid = {E8ECBB67-6816-484D-BE28-0CD12D47A783}
	EndGlobalSection
EndGlobal
